
Microsoft Visual Studio Solution File, Format Version 12.00
# Visual Studio 14
VisualStudioVersion = 14.0.25420.1
MinimumVisualStudioVersion = 10.0.40219.1
Project("{FAE04EC0-301F-11D3-BF4B-00C04F79EFBC}") = "BlogSpot", "BlogSpot\BlogSpot.csproj", "{51319CB7-DC53-40F8-81A2-C11AEBF8C0F4}"
EndProject
Project("{FAE04EC0-301F-11D3-BF4B-00C04F79EFBC}") = "BlogSpot.Api", "BlogSpot.Api\BlogSpot.Api.csproj", "{D572EEC9-E78F-4FBF-A130-C122273C6D7E}"
EndProject
Project("{FAE04EC0-301F-11D3-BF4B-00C04F79EFBC}") = "BlogSpot.Host", "BlogSpot.Host\BlogSpot.Host.csproj", "{B9178E21-F046-428C-8707-90F88DE66401}"
EndProject
Project("{FAE04EC0-301F-11D3-BF4B-00C04F79EFBC}") = "BlogSpot.Test", "BlogSpot.Test\BlogSpot.Test.csproj", "{2D1A2633-FE3C-4E9C-BBCB-FA51887E8DF1}"
EndProject
Global
	GlobalSection(SolutionConfigurationPlatforms) = preSolution
		Debug|Any CPU = Debug|Any CPU
		Release|Any CPU = Release|Any CPU
	EndGlobalSection
	GlobalSection(ProjectConfigurationPlatforms) = postSolution
		{51319CB7-DC53-40F8-81A2-C11AEBF8C0F4}.Debug|Any CPU.ActiveCfg = Debug|Any CPU
		{51319CB7-DC53-40F8-81A2-C11AEBF8C0F4}.Debug|Any CPU.Build.0 = Debug|Any CPU
		{51319CB7-DC53-40F8-81A2-C11AEBF8C0F4}.Release|Any CPU.ActiveCfg = Release|Any CPU
		{51319CB7-DC53-40F8-81A2-C11AEBF8C0F4}.Release|Any CPU.Build.0 = Release|Any CPU
		{D572EEC9-E78F-4FBF-A130-C122273C6D7E}.Debug|Any CPU.ActiveCfg = Debug|Any CPU
		{D572EEC9-E78F-4FBF-A130-C122273C6D7E}.Debug|Any CPU.Build.0 = Debug|Any CPU
		{D572EEC9-E78F-4FBF-A130-C122273C6D7E}.Release|Any CPU.ActiveCfg = Release|Any CPU
		{D572EEC9-E78F-4FBF-A130-C122273C6D7E}.Release|Any CPU.Build.0 = Release|Any CPU
		{B9178E21-F046-428C-8707-90F88DE66401}.Debug|Any CPU.ActiveCfg = Debug|Any CPU
		{B9178E21-F046-428C-8707-90F88DE66401}.Debug|Any CPU.Build.0 = Debug|Any CPU
		{B9178E21-F046-428C-8707-90F88DE66401}.Release|Any CPU.ActiveCfg = Release|Any CPU
		{B9178E21-F046-428C-8707-90F88DE66401}.Release|Any CPU.Build.0 = Release|Any CPU
		{2D1A2633-FE3C-4E9C-BBCB-FA51887E8DF1}.Debug|Any CPU.ActiveCfg = Debug|Any CPU
		{2D1A2633-FE3C-4E9C-BBCB-FA51887E8DF1}.Debug|Any CPU.Build.0 = Debug|Any CPU
		{2D1A2633-FE3C-4E9C-BBCB-FA51887E8DF1}.Release|Any CPU.ActiveCfg = Release|Any CPU
		{2D1A2633-FE3C-4E9C-BBCB-FA51887E8DF1}.Release|Any CPU.Build.0 = Release|Any CPU
	EndGlobalSection
	GlobalSection(SolutionProperties) = preSolution
		HideSolutionNode = FALSE
	EndGlobalSection
EndGlobal
